
Microsoft Visual Studio Solution File, Format Version 12.00
# Visual Studio 15
VisualStudioVersion = 15.0.26124.0
MinimumVisualStudioVersion = 15.0.26124.0
Project("{FAE04EC0-301F-11D3-BF4B-00C04F79EFBC}") = "RVTR.Booking.Context", "RVTR.Booking.Context\RVTR.Booking.Context.csproj", "{5679809F-1721-4963-999D-8C9827BF1530}"
EndProject
Project("{FAE04EC0-301F-11D3-BF4B-00C04F79EFBC}") = "RVTR.Booking.Domain", "RVTR.Booking.Domain\RVTR.Booking.Domain.csproj", "{3D00DFBA-4962-4D21-B143-ED8D885F92AD}"
EndProject
Project("{FAE04EC0-301F-11D3-BF4B-00C04F79EFBC}") = "RVTR.Booking.Service", "RVTR.Booking.Service\RVTR.Booking.Service.csproj", "{4F8B4373-97F1-4EAC-9F7C-B745C55E881F}"
EndProject
Project("{FAE04EC0-301F-11D3-BF4B-00C04F79EFBC}") = "RVTR.Booking.Testing", "RVTR.Booking.Testing\RVTR.Booking.Testing.csproj", "{84401D66-2793-4294-92C0-B9C411AE1DFE}"
EndProject
Global
	GlobalSection(SolutionProperties) = preSolution
		HideSolutionNode = FALSE
	EndGlobalSection
	GlobalSection(SolutionConfigurationPlatforms) = preSolution
		Debug|Any CPU = Debug|Any CPU
		Debug|x64 = Debug|x64
		Debug|x86 = Debug|x86
		Release|Any CPU = Release|Any CPU
		Release|x64 = Release|x64
		Release|x86 = Release|x86
	EndGlobalSection
	GlobalSection(ProjectConfigurationPlatforms) = postSolution
		{5679809F-1721-4963-999D-8C9827BF1530}.Debug|Any CPU.ActiveCfg = Debug|Any CPU
		{5679809F-1721-4963-999D-8C9827BF1530}.Debug|Any CPU.Build.0 = Debug|Any CPU
		{5679809F-1721-4963-999D-8C9827BF1530}.Debug|x64.ActiveCfg = Debug|Any CPU
		{5679809F-1721-4963-999D-8C9827BF1530}.Debug|x64.Build.0 = Debug|Any CPU
		{5679809F-1721-4963-999D-8C9827BF1530}.Debug|x86.ActiveCfg = Debug|Any CPU
		{5679809F-1721-4963-999D-8C9827BF1530}.Debug|x86.Build.0 = Debug|Any CPU
		{5679809F-1721-4963-999D-8C9827BF1530}.Release|Any CPU.ActiveCfg = Release|Any CPU
		{5679809F-1721-4963-999D-8C9827BF1530}.Release|Any CPU.Build.0 = Release|Any CPU
		{5679809F-1721-4963-999D-8C9827BF1530}.Release|x64.ActiveCfg = Release|Any CPU
		{5679809F-1721-4963-999D-8C9827BF1530}.Release|x64.Build.0 = Release|Any CPU
		{5679809F-1721-4963-999D-8C9827BF1530}.Release|x86.ActiveCfg = Release|Any CPU
		{5679809F-1721-4963-999D-8C9827BF1530}.Release|x86.Build.0 = Release|Any CPU
		{3D00DFBA-4962-4D21-B143-ED8D885F92AD}.Debug|Any CPU.ActiveCfg = Debug|Any CPU
		{3D00DFBA-4962-4D21-B143-ED8D885F92AD}.Debug|Any CPU.Build.0 = Debug|Any CPU
		{3D00DFBA-4962-4D21-B143-ED8D885F92AD}.Debug|x64.ActiveCfg = Debug|Any CPU
		{3D00DFBA-4962-4D21-B143-ED8D885F92AD}.Debug|x64.Build.0 = Debug|Any CPU
		{3D00DFBA-4962-4D21-B143-ED8D885F92AD}.Debug|x86.ActiveCfg = Debug|Any CPU
		{3D00DFBA-4962-4D21-B143-ED8D885F92AD}.Debug|x86.Build.0 = Debug|Any CPU
		{3D00DFBA-4962-4D21-B143-ED8D885F92AD}.Release|Any CPU.ActiveCfg = Release|Any CPU
		{3D00DFBA-4962-4D21-B143-ED8D885F92AD}.Release|Any CPU.Build.0 = Release|Any CPU
		{3D00DFBA-4962-4D21-B143-ED8D885F92AD}.Release|x64.ActiveCfg = Release|Any CPU
		{3D00DFBA-4962-4D21-B143-ED8D885F92AD}.Release|x64.Build.0 = Release|Any CPU
		{3D00DFBA-4962-4D21-B143-ED8D885F92AD}.Release|x86.ActiveCfg = Release|Any CPU
		{3D00DFBA-4962-4D21-B143-ED8D885F92AD}.Release|x86.Build.0 = Release|Any CPU
		{4F8B4373-97F1-4EAC-9F7C-B745C55E881F}.Debug|Any CPU.ActiveCfg = Debug|Any CPU
		{4F8B4373-97F1-4EAC-9F7C-B745C55E881F}.Debug|Any CPU.Build.0 = Debug|Any CPU
		{4F8B4373-97F1-4EAC-9F7C-B745C55E881F}.Debug|x64.ActiveCfg = Debug|Any CPU
		{4F8B4373-97F1-4EAC-9F7C-B745C55E881F}.Debug|x64.Build.0 = Debug|Any CPU
		{4F8B4373-97F1-4EAC-9F7C-B745C55E881F}.Debug|x86.ActiveCfg = Debug|Any CPU
		{4F8B4373-97F1-4EAC-9F7C-B745C55E881F}.Debug|x86.Build.0 = Debug|Any CPU
		{4F8B4373-97F1-4EAC-9F7C-B745C55E881F}.Release|Any CPU.ActiveCfg = Release|Any CPU
		{4F8B4373-97F1-4EAC-9F7C-B745C55E881F}.Release|Any CPU.Build.0 = Release|Any CPU
		{4F8B4373-97F1-4EAC-9F7C-B745C55E881F}.Release|x64.ActiveCfg = Release|Any CPU
		{4F8B4373-97F1-4EAC-9F7C-B745C55E881F}.Release|x64.Build.0 = Release|Any CPU
		{4F8B4373-97F1-4EAC-9F7C-B745C55E881F}.Release|x86.ActiveCfg = Release|Any CPU
		{4F8B4373-97F1-4EAC-9F7C-B745C55E881F}.Release|x86.Build.0 = Release|Any CPU
		{84401D66-2793-4294-92C0-B9C411AE1DFE}.Debug|Any CPU.ActiveCfg = Debug|Any CPU
		{84401D66-2793-4294-92C0-B9C411AE1DFE}.Debug|Any CPU.Build.0 = Debug|Any CPU
		{84401D66-2793-4294-92C0-B9C411AE1DFE}.Debug|x64.ActiveCfg = Debug|Any CPU
		{84401D66-2793-4294-92C0-B9C411AE1DFE}.Debug|x64.Build.0 = Debug|Any CPU
		{84401D66-2793-4294-92C0-B9C411AE1DFE}.Debug|x86.ActiveCfg = Debug|Any CPU
		{84401D66-2793-4294-92C0-B9C411AE1DFE}.Debug|x86.Build.0 = Debug|Any CPU
		{84401D66-2793-4294-92C0-B9C411AE1DFE}.Release|Any CPU.ActiveCfg = Release|Any CPU
		{84401D66-2793-4294-92C0-B9C411AE1DFE}.Release|Any CPU.Build.0 = Release|Any CPU
		{84401D66-2793-4294-92C0-B9C411AE1DFE}.Release|x64.ActiveCfg = Release|Any CPU
		{84401D66-2793-4294-92C0-B9C411AE1DFE}.Release|x64.Build.0 = Release|Any CPU
		{84401D66-2793-4294-92C0-B9C411AE1DFE}.Release|x86.ActiveCfg = Release|Any CPU
		{84401D66-2793-4294-92C0-B9C411AE1DFE}.Release|x86.Build.0 = Release|Any CPU
	EndGlobalSection
EndGlobal
